
Microsoft Visual Studio Solution File, Format Version 12.00
# Visual Studio Version 17
VisualStudioVersion = 17.9.34607.119
MinimumVisualStudioVersion = 10.0.40219.1
Project("{9A19103F-16F7-4668-BE54-9A1E7A4F7556}") = "Prog6212Part2", "Prog6212Part2\Prog6212Part2.csproj", "{A2BE7D13-EBAE-43F5-999A-3000CCB96057}"
EndProject
Project("{FAE04EC0-301F-11D3-BF4B-00C04F79EFBC}") = "Prog6212Part2.Tests", "Prog6212Part2.Tests\Prog6212Part2.Tests.csproj", "{42FD5831-BB99-4190-8678-4871E0048E22}"
EndProject
Global
	GlobalSection(SolutionConfigurationPlatforms) = preSolution
		Debug|Any CPU = Debug|Any CPU
		Release|Any CPU = Release|Any CPU
	EndGlobalSection
	GlobalSection(ProjectConfigurationPlatforms) = postSolution
		{A2BE7D13-EBAE-43F5-999A-3000CCB96057}.Debug|Any CPU.ActiveCfg = Debug|Any CPU
		{A2BE7D13-EBAE-43F5-999A-3000CCB96057}.Debug|Any CPU.Build.0 = Debug|Any CPU
		{A2BE7D13-EBAE-43F5-999A-3000CCB96057}.Release|Any CPU.ActiveCfg = Release|Any CPU
		{A2BE7D13-EBAE-43F5-999A-3000CCB96057}.Release|Any CPU.Build.0 = Release|Any CPU
		{42FD5831-BB99-4190-8678-4871E0048E22}.Debug|Any CPU.ActiveCfg = Debug|Any CPU
		{42FD5831-BB99-4190-8678-4871E0048E22}.Debug|Any CPU.Build.0 = Debug|Any CPU
		{42FD5831-BB99-4190-8678-4871E0048E22}.Release|Any CPU.ActiveCfg = Release|Any CPU
		{42FD5831-BB99-4190-8678-4871E0048E22}.Release|Any CPU.Build.0 = Release|Any CPU
	EndGlobalSection
	GlobalSection(SolutionProperties) = preSolution
		HideSolutionNode = FALSE
	EndGlobalSection
	GlobalSection(ExtensibilityGlobals) = postSolution
		SolutionGuid = {3E98CE14-23B3-4B3F-BD2F-619699EBC69A}
	EndGlobalSection
EndGlobal
